
Microsoft Visual Studio Solution File, Format Version 12.00
# Visual Studio Version 17
VisualStudioVersion = 17.5.002.0
MinimumVisualStudioVersion = 10.0.40219.1
Project("{9A19103F-16F7-4668-BE54-9A1E7A4F7556}") = "api", "api\api.csproj", "{BBB840B5-D149-4FFB-8623-DDE00194062E}"
EndProject
Global
	GlobalSection(SolutionConfigurationPlatforms) = preSolution
		Debug|Any CPU = Debug|Any CPU
		Release|Any CPU = Release|Any CPU
	EndGlobalSection
	GlobalSection(ProjectConfigurationPlatforms) = postSolution
		{BBB840B5-D149-4FFB-8623-DDE00194062E}.Debug|Any CPU.ActiveCfg = Debug|Any CPU
		{BBB840B5-D149-4FFB-8623-DDE00194062E}.Debug|Any CPU.Build.0 = Debug|Any CPU
		{BBB840B5-D149-4FFB-8623-DDE00194062E}.Release|Any CPU.ActiveCfg = Release|Any CPU
		{BBB840B5-D149-4FFB-8623-DDE00194062E}.Release|Any CPU.Build.0 = Release|Any CPU
	EndGlobalSection
	GlobalSection(SolutionProperties) = preSolution
		HideSolutionNode = FALSE
	EndGlobalSection
	GlobalSection(ExtensibilityGlobals) = postSolution
		SolutionGuid = {2A655379-4C70-4E7E-813D-0AC8BCDE813E}
	EndGlobalSection
EndGlobal
